github.com/peterhellberg/link v1.2.0 h1:UA5pg3Gp/E0F2WdX7GERiNrPQrM1K6CVJUUWfHa4t6c=
github.com/peterhellberg/link v1.2.0/go.mod h1:gYfAh+oJgQu2SrZHg5hROVRQe1ICoK0/HHJTcE0edxc=
github.com/tailscale/hujson v0.0.0-20221223112325-20486734a56a h1:SJy1Pu0eH1C29XwJucQo73FrleVK6t4kYz4NVhp34Yw=
github.com/tailscale/hujson v0.0.0-20221223112325-20486734a56a/go.mod h1:DFSS3NAGHthKo1gTlmEcSBiZrRJXi28rLNd/1udP1c8=
golang.org/x/exp v0.0.0-20240213143201-ec583247a57a h1:HinSgX1tJRX3KsL//Gxynpw5CTOAIPhgL4W8PNiIpVE=
golang.org/x/exp v0.0.0-20240213143201-ec583247a57a/go.mod h1:CxmFvTBINI24O/j8iY7H1xHzx2i4OsyguNBmN/uPtqc=
